
Microsoft Visual Studio Solution File, Format Version 12.00
# Visual Studio Version 17
VisualStudioVersion = 17.3.32929.385
MinimumVisualStudioVersion = 10.0.40219.1
Project("{8BC9CEB8-8B4A-11D0-8D11-00A0C91BC942}") = "CaiDatHangDoiUuTien_C++", "CaiDatHangDoiUuTien_C++\CaiDatHangDoiUuTien_C++.vcxproj", "{A7CEB58F-9114-49DC-892A-0979C16C4461}"
EndProject
Global
	GlobalSection(SolutionConfigurationPlatforms) = preSolution
		Debug|x64 = Debug|x64
		Debug|x86 = Debug|x86
		Release|x64 = Release|x64
		Release|x86 = Release|x86
	EndGlobalSection
	GlobalSection(ProjectConfigurationPlatforms) = postSolution
		{A7CEB58F-9114-49DC-892A-0979C16C4461}.Debug|x64.ActiveCfg = Debug|x64
		{A7CEB58F-9114-49DC-892A-0979C16C4461}.Debug|x64.Build.0 = Debug|x64
		{A7CEB58F-9114-49DC-892A-0979C16C4461}.Debug|x86.ActiveCfg = Debug|Win32
		{A7CEB58F-9114-49DC-892A-0979C16C4461}.Debug|x86.Build.0 = Debug|Win32
		{A7CEB58F-9114-49DC-892A-0979C16C4461}.Release|x64.ActiveCfg = Release|x64
		{A7CEB58F-9114-49DC-892A-0979C16C4461}.Release|x64.Build.0 = Release|x64
		{A7CEB58F-9114-49DC-892A-0979C16C4461}.Release|x86.ActiveCfg = Release|Win32
		{A7CEB58F-9114-49DC-892A-0979C16C4461}.Release|x86.Build.0 = Release|Win32
	EndGlobalSection
	GlobalSection(SolutionProperties) = preSolution
		HideSolutionNode = FALSE
	EndGlobalSection
	GlobalSection(ExtensibilityGlobals) = postSolution
		SolutionGuid = {2F8E0C35-1583-4116-A1D4-8767C39B8B48}
	EndGlobalSection
EndGlobal
